
Microsoft Visual Studio Solution File, Format Version 12.00
# Visual Studio Version 16
VisualStudioVersion = 16.0.30517.126
MinimumVisualStudioVersion = 10.0.40219.1
Project("{FAE04EC0-301F-11D3-BF4B-00C04F79EFBC}") = "Pong", "Pong\Pong.csproj", "{318A0B30-9952-4FF6-B088-23B24500F840}"
EndProject
Global
	GlobalSection(SolutionConfigurationPlatforms) = preSolution
		Debug|Any CPU = Debug|Any CPU
		Release|Any CPU = Release|Any CPU
	EndGlobalSection
	GlobalSection(ProjectConfigurationPlatforms) = postSolution
		{318A0B30-9952-4FF6-B088-23B24500F840}.Debug|Any CPU.ActiveCfg = Debug|Any CPU
		{318A0B30-9952-4FF6-B088-23B24500F840}.Debug|Any CPU.Build.0 = Debug|Any CPU
		{318A0B30-9952-4FF6-B088-23B24500F840}.Release|Any CPU.ActiveCfg = Release|Any CPU
		{318A0B30-9952-4FF6-B088-23B24500F840}.Release|Any CPU.Build.0 = Release|Any CPU
	EndGlobalSection
	GlobalSection(SolutionProperties) = preSolution
		HideSolutionNode = FALSE
	EndGlobalSection
	GlobalSection(ExtensibilityGlobals) = postSolution
		SolutionGuid = {7C554CD8-D313-460B-BF3E-0F74D4C39BE9}
	EndGlobalSection
EndGlobal
